
Microsoft Visual Studio Solution File, Format Version 12.00
# Visual Studio Version 16
VisualStudioVersion = 16.0.34601.136
MinimumVisualStudioVersion = 10.0.40219.1
Project("{FAE04EC0-301F-11D3-BF4B-00C04F79EFBC}") = "SalesWebMvc", "SalesWebMvc\SalesWebMvc.csproj", "{8D2DC454-41D8-4E3A-8672-87419D2350D9}"
EndProject
Global
	GlobalSection(SolutionConfigurationPlatforms) = preSolution
		Debug|Any CPU = Debug|Any CPU
		Release|Any CPU = Release|Any CPU
	EndGlobalSection
	GlobalSection(ProjectConfigurationPlatforms) = postSolution
		{8D2DC454-41D8-4E3A-8672-87419D2350D9}.Debug|Any CPU.ActiveCfg = Debug|Any CPU
		{8D2DC454-41D8-4E3A-8672-87419D2350D9}.Debug|Any CPU.Build.0 = Debug|Any CPU
		{8D2DC454-41D8-4E3A-8672-87419D2350D9}.Release|Any CPU.ActiveCfg = Release|Any CPU
		{8D2DC454-41D8-4E3A-8672-87419D2350D9}.Release|Any CPU.Build.0 = Release|Any CPU
	EndGlobalSection
	GlobalSection(SolutionProperties) = preSolution
		HideSolutionNode = FALSE
	EndGlobalSection
	GlobalSection(ExtensibilityGlobals) = postSolution
		SolutionGuid = {E07491CF-BD6D-4268-9310-F11C6E11266D}
	EndGlobalSection
EndGlobal
